
Microsoft Visual Studio Solution File, Format Version 12.00
# Visual Studio Version 17
VisualStudioVersion = 17.0.32126.317
MinimumVisualStudioVersion = 10.0.40219.1
Project("{9A19103F-16F7-4668-BE54-9A1E7A4F7556}") = "BankApp", "BankApp.csproj", "{4C745E86-51AF-4EB5-B070-8E7EB1619440}"
EndProject
Project("{9A19103F-16F7-4668-BE54-9A1E7A4F7556}") = "Contracts", "..\BankAppContracts\Contracts.csproj", "{2C3E9689-40C0-49CE-B50B-770F05DA72A8}"
EndProject
Project("{9A19103F-16F7-4668-BE54-9A1E7A4F7556}") = "DataBase", "..\BankAppDataBase\DataBase.csproj", "{FD2B04CB-74F6-43C2-859A-7C2E2ADC2A79}"
EndProject
Project("{9A19103F-16F7-4668-BE54-9A1E7A4F7556}") = "Model", "..\BankAppModel\Model.csproj", "{02D3410B-5D81-4675-8655-AE3DE701FB38}"
EndProject
Project("{9A19103F-16F7-4668-BE54-9A1E7A4F7556}") = "Commons", "..\Commons\Commons.csproj", "{12514DF3-121A-45AA-B877-5769586D3F7F}"
EndProject
Project("{9A19103F-16F7-4668-BE54-9A1E7A4F7556}") = "BankServices", "..\BankAppImplementation\BankServices.csproj", "{FFDDF462-5DF2-4AC7-B87B-9ED7B32381D7}"
EndProject
Project("{9A19103F-16F7-4668-BE54-9A1E7A4F7556}") = "BankAppTest", "..\BankAppTest\BankAppTest.csproj", "{716ED157-0EAF-472A-A001-B28E20C189E2}"
EndProject
Global
	GlobalSection(SolutionConfigurationPlatforms) = preSolution
		Debug|Any CPU = Debug|Any CPU
		Release|Any CPU = Release|Any CPU
	EndGlobalSection
	GlobalSection(ProjectConfigurationPlatforms) = postSolution
		{4C745E86-51AF-4EB5-B070-8E7EB1619440}.Debug|Any CPU.ActiveCfg = Debug|Any CPU
		{4C745E86-51AF-4EB5-B070-8E7EB1619440}.Debug|Any CPU.Build.0 = Debug|Any CPU
		{4C745E86-51AF-4EB5-B070-8E7EB1619440}.Release|Any CPU.ActiveCfg = Release|Any CPU
		{4C745E86-51AF-4EB5-B070-8E7EB1619440}.Release|Any CPU.Build.0 = Release|Any CPU
		{2C3E9689-40C0-49CE-B50B-770F05DA72A8}.Debug|Any CPU.ActiveCfg = Debug|Any CPU
		{2C3E9689-40C0-49CE-B50B-770F05DA72A8}.Debug|Any CPU.Build.0 = Debug|Any CPU
		{2C3E9689-40C0-49CE-B50B-770F05DA72A8}.Release|Any CPU.ActiveCfg = Release|Any CPU
		{2C3E9689-40C0-49CE-B50B-770F05DA72A8}.Release|Any CPU.Build.0 = Release|Any CPU
		{FD2B04CB-74F6-43C2-859A-7C2E2ADC2A79}.Debug|Any CPU.ActiveCfg = Debug|Any CPU
		{FD2B04CB-74F6-43C2-859A-7C2E2ADC2A79}.Debug|Any CPU.Build.0 = Debug|Any CPU
		{FD2B04CB-74F6-43C2-859A-7C2E2ADC2A79}.Release|Any CPU.ActiveCfg = Release|Any CPU
		{FD2B04CB-74F6-43C2-859A-7C2E2ADC2A79}.Release|Any CPU.Build.0 = Release|Any CPU
		{02D3410B-5D81-4675-8655-AE3DE701FB38}.Debug|Any CPU.ActiveCfg = Debug|Any CPU
		{02D3410B-5D81-4675-8655-AE3DE701FB38}.Debug|Any CPU.Build.0 = Debug|Any CPU
		{02D3410B-5D81-4675-8655-AE3DE701FB38}.Release|Any CPU.ActiveCfg = Release|Any CPU
		{02D3410B-5D81-4675-8655-AE3DE701FB38}.Release|Any CPU.Build.0 = Release|Any CPU
		{12514DF3-121A-45AA-B877-5769586D3F7F}.Debug|Any CPU.ActiveCfg = Debug|Any CPU
		{12514DF3-121A-45AA-B877-5769586D3F7F}.Debug|Any CPU.Build.0 = Debug|Any CPU
		{12514DF3-121A-45AA-B877-5769586D3F7F}.Release|Any CPU.ActiveCfg = Release|Any CPU
		{12514DF3-121A-45AA-B877-5769586D3F7F}.Release|Any CPU.Build.0 = Release|Any CPU
		{FFDDF462-5DF2-4AC7-B87B-9ED7B32381D7}.Debug|Any CPU.ActiveCfg = Debug|Any CPU
		{FFDDF462-5DF2-4AC7-B87B-9ED7B32381D7}.Debug|Any CPU.Build.0 = Debug|Any CPU
		{FFDDF462-5DF2-4AC7-B87B-9ED7B32381D7}.Release|Any CPU.ActiveCfg = Release|Any CPU
		{FFDDF462-5DF2-4AC7-B87B-9ED7B32381D7}.Release|Any CPU.Build.0 = Release|Any CPU
		{716ED157-0EAF-472A-A001-B28E20C189E2}.Debug|Any CPU.ActiveCfg = Debug|Any CPU
		{716ED157-0EAF-472A-A001-B28E20C189E2}.Debug|Any CPU.Build.0 = Debug|Any CPU
		{716ED157-0EAF-472A-A001-B28E20C189E2}.Release|Any CPU.ActiveCfg = Release|Any CPU
		{716ED157-0EAF-472A-A001-B28E20C189E2}.Release|Any CPU.Build.0 = Release|Any CPU
	EndGlobalSection
	GlobalSection(SolutionProperties) = preSolution
		HideSolutionNode = FALSE
	EndGlobalSection
	GlobalSection(ExtensibilityGlobals) = postSolution
		SolutionGuid = {BF040B9A-ACFB-48C4-AC05-16E49B49CF7C}
	EndGlobalSection
EndGlobal
